
Microsoft Visual Studio Solution File, Format Version 12.00
# Visual Studio Version 17
VisualStudioVersion = 17.8.34525.116
MinimumVisualStudioVersion = 10.0.40219.1
Project("{9A19103F-16F7-4668-BE54-9A1E7A4F7556}") = "cSharpBasicToAdvance", "cSharpBasicToAdvance\cSharpBasicToAdvance.csproj", "{4E751C57-F542-4BC9-BEAF-C18FB96AF582}"
EndProject
Project("{9A19103F-16F7-4668-BE54-9A1E7A4F7556}") = "ConsoleAppB2A", "ConsoleAppB2A\ConsoleAppB2A.csproj", "{C61ED47A-62F1-4BFB-87E2-63FE35F44D34}"
EndProject
Project("{FAE04EC0-301F-11D3-BF4B-00C04F79EFBC}") = "UI", "UI\UI.csproj", "{AF4FD4B3-FEAC-4562-A0CC-4EE4FA15B14D}"
EndProject
Global
	GlobalSection(SolutionConfigurationPlatforms) = preSolution
		Debug|Any CPU = Debug|Any CPU
		Release|Any CPU = Release|Any CPU
	EndGlobalSection
	GlobalSection(ProjectConfigurationPlatforms) = postSolution
		{4E751C57-F542-4BC9-BEAF-C18FB96AF582}.Debug|Any CPU.ActiveCfg = Debug|Any CPU
		{4E751C57-F542-4BC9-BEAF-C18FB96AF582}.Debug|Any CPU.Build.0 = Debug|Any CPU
		{4E751C57-F542-4BC9-BEAF-C18FB96AF582}.Release|Any CPU.ActiveCfg = Release|Any CPU
		{4E751C57-F542-4BC9-BEAF-C18FB96AF582}.Release|Any CPU.Build.0 = Release|Any CPU
		{C61ED47A-62F1-4BFB-87E2-63FE35F44D34}.Debug|Any CPU.ActiveCfg = Debug|Any CPU
		{C61ED47A-62F1-4BFB-87E2-63FE35F44D34}.Debug|Any CPU.Build.0 = Debug|Any CPU
		{C61ED47A-62F1-4BFB-87E2-63FE35F44D34}.Release|Any CPU.ActiveCfg = Release|Any CPU
		{C61ED47A-62F1-4BFB-87E2-63FE35F44D34}.Release|Any CPU.Build.0 = Release|Any CPU
		{AF4FD4B3-FEAC-4562-A0CC-4EE4FA15B14D}.Debug|Any CPU.ActiveCfg = Debug|Any CPU
		{AF4FD4B3-FEAC-4562-A0CC-4EE4FA15B14D}.Debug|Any CPU.Build.0 = Debug|Any CPU
		{AF4FD4B3-FEAC-4562-A0CC-4EE4FA15B14D}.Release|Any CPU.ActiveCfg = Release|Any CPU
		{AF4FD4B3-FEAC-4562-A0CC-4EE4FA15B14D}.Release|Any CPU.Build.0 = Release|Any CPU
	EndGlobalSection
	GlobalSection(SolutionProperties) = preSolution
		HideSolutionNode = FALSE
	EndGlobalSection
	GlobalSection(ExtensibilityGlobals) = postSolution
		SolutionGuid = {C3A402BD-9A0B-4143-BBA0-263452D41EB2}
	EndGlobalSection
EndGlobal
